{
  "nodes": {
    "home-manager": {
      "inputs": {
        "nixpkgs": [
          "nixpkgs"
        ]
      },
      "locked": {
        "lastModified": 1770654520,
        "narHash": "sha256-mg5WZMIPGsFu9MxSrUcuJUPMbfMsF77el5yb/7rc10k=",
        "owner": "nix-community",
        "repo": "home-manager",
        "rev": "6c4fdbe1ad198fac36c320fd45c5957324a80b8e",
        "type": "github"
      },
      "original": {
        "owner": "nix-community",
        "ref": "master",
        "repo": "home-manager",
        "type": "github"
      }
    },
    "home-manager_2": {
      "inputs": {
        "nixpkgs": [
          "zen-browser",
          "nixpkgs"
        ]
      },
      "locked": {
        "lastModified": 1769872935,
        "narHash": "sha256-07HMIGQ/WJeAQJooA7Kkg1SDKxhAiV6eodvOwTX6WKI=",
        "owner": "nix-community",
        "repo": "home-manager",
        "rev": "f4ad5068ee8e89e4a7c2e963e10dd35cd77b37b7",
        "type": "github"
      },
      "original": {
        "owner": "nix-community",
        "repo": "home-manager",
        "type": "github"
      }
    },
    "niri": {
      "inputs": {
        "niri-stable": "niri-stable",
        "niri-unstable": "niri-unstable",
        "nixpkgs": [
          "nixpkgs"
        ],
        "nixpkgs-stable": "nixpkgs-stable",
        "xwayland-satellite-stable": "xwayland-satellite-stable",
        "xwayland-satellite-unstable": "xwayland-satellite-unstable"
      },
      "locked": {
        "lastModified": 1770739738,
        "narHash": "sha256-sLpvik461SjSY1b23gHhNbM9aMJF9iU4h2vPepi9JoM=",
        "owner": "sodiboo",
        "repo": "niri-flake",
        "rev": "9e23010320cfe4012adc2d8810495bad0fe2d4a6",
        "type": "github"
      },
      "original": {
        "owner": "sodiboo",
        "repo": "niri-flake",
        "type": "github"
      }
    },
    "niri-stable": {
      "flake": false,
      "locked": {
        "lastModified": 1756556321,
        "narHash": "sha256-RLD89dfjN0RVO86C/Mot0T7aduCygPGaYbog566F0Qo=",
        "owner": "YaLTeR",
        "repo": "niri",
        "rev": "01be0e65f4eb91a9cd624ac0b76aaeab765c7294",
        "type": "github"
      },
      "original": {
        "owner": "YaLTeR",
        "ref": "v25.08",
        "repo": "niri",
        "type": "github"
      }
    },
    "niri-unstable": {
      "flake": false,
      "locked": {
        "lastModified": 1770735554,
        "narHash": "sha256-8GzUa8bCyQ688jYW2waXrOqetTr7oV8UPTO2He+5Hsg=",
        "owner": "YaLTeR",
        "repo": "niri",
        "rev": "41b5de87692b8262fbdbff7faab93f04ff0be453",
        "type": "github"
      },
      "original": {
        "owner": "YaLTeR",
        "repo": "niri",
        "type": "github"
      }
    },
    "nixpkgs": {
      "locked": {
        "lastModified": 1770537093,
        "narHash": "sha256-pF1quXG5wsgtyuPOHcLfYg/ft/QMr8NnX0i6tW2187s=",
        "owner": "NixOS",
        "repo": "nixpkgs",
        "rev": "fef9403a3e4d31b0a23f0bacebbec52c248fbb51",
        "type": "github"
      },
      "original": {
        "owner": "NixOS",
        "ref": "nixpkgs-unstable",
        "repo": "nixpkgs",
        "type": "github"
      }
    },
    "nixpkgs-stable": {
      "locked": {
        "lastModified": 1770617025,
        "narHash": "sha256-1jZvgZoAagZZB6NwGRv2T2ezPy+X6EFDsJm+YSlsvEs=",
        "owner": "NixOS",
        "repo": "nixpkgs",
        "rev": "2db38e08fdadcc0ce3232f7279bab59a15b94482",
        "type": "github"
      },
      "original": {
        "owner": "NixOS",
        "ref": "nixos-25.11",
        "repo": "nixpkgs",
        "type": "github"
      }
    },
    "noctalia": {
      "inputs": {
        "nixpkgs": [
          "nixpkgs"
        ]
      },
      "locked": {
        "lastModified": 1770774398,
        "narHash": "sha256-/ASC3ZiAKy8NKwdJCUPrCjGzgiDmGJHU0cH8xtM9Rqw=",
        "owner": "noctalia-dev",
        "repo": "noctalia-shell",
        "rev": "4edb4a177d1a908e1021b36e767e827d8697d8e9",
        "type": "github"
      },
      "original": {
        "owner": "noctalia-dev",
        "repo": "noctalia-shell",
        "type": "github"
      }
    },
    "root": {
      "inputs": {
        "home-manager": "home-manager",
        "niri": "niri",
        "nixpkgs": "nixpkgs",
        "noctalia": "noctalia",
        "zen-browser": "zen-browser"
      }
    },
    "xwayland-satellite-stable": {
      "flake": false,
      "locked": {
        "lastModified": 1755491097,
        "narHash": "sha256-m+9tUfsmBeF2Gn4HWa6vSITZ4Gz1eA1F5Kh62B0N4oE=",
        "owner": "Supreeeme",
        "repo": "xwayland-satellite",
        "rev": "388d291e82ffbc73be18169d39470f340707edaa",
        "type": "github"
      },
      "original": {
        "owner": "Supreeeme",
        "ref": "v0.7",
        "repo": "xwayland-satellite",
        "type": "github"
      }
    },
    "xwayland-satellite-unstable": {
      "flake": false,
      "locked": {
        "lastModified": 1770583271,
        "narHash": "sha256-Q75S8cEqJoZ92s1y4zArvk2U1ayAy2E4SaF7gbNXkYQ=",
        "owner": "Supreeeme",
        "repo": "xwayland-satellite",
        "rev": "86f5bd5d867ad6e120935dfe825f6b903ebbeddd",
        "type": "github"
      },
      "original": {
        "owner": "Supreeeme",
        "repo": "xwayland-satellite",
        "type": "github"
      }
    },
    "zen-browser": {
      "inputs": {
        "home-manager": "home-manager_2",
        "nixpkgs": [
          "nixpkgs"
        ]
      },
      "locked": {
        "lastModified": 1770707140,
        "narHash": "sha256-3ZRA2+o5p1+FKWx988WbwB1SQ2Mz5aL95zxhL5iD+O0=",
        "owner": "0xc000022070",
        "repo": "zen-browser-flake",
        "rev": "db14437f8667f7f09784e2a4e73c105bdc1c7023",
        "type": "github"
      },
      "original": {
        "owner": "0xc000022070",
        "repo": "zen-browser-flake",
        "type": "github"
      }
    }
  },
  "root": "root",
  "version": 7
}
